// !$*UTF8*$!
{
	archiveVersion = 1;
	classes = {
	};
	objectVersion = 46;
	objects = {

/* Begin PBXBuildFile section */
		2B263F611F740BCE0005209A /* ReportsViewController.swift in Sources */ = {isa = PBXBuildFile; fileRef = 2B263F601F740BCE0005209A /* ReportsViewController.swift */; };
		2B263F631F740C660005209A /* AnnouncementsViewController.swift in Sources */ = {isa = PBXBuildFile; fileRef = 2B263F621F740C660005209A /* AnnouncementsViewController.swift */; };
		2B4BB57A1F66FFDE005A0ED3 /* Helper.swift in Sources */ = {isa = PBXBuildFile; fileRef = 2B4BB5791F66FFDE005A0ED3 /* Helper.swift */; };
		2B4FA4071F66FB13009550B9 /* RegisterViewController.swift in Sources */ = {isa = PBXBuildFile; fileRef = 2B4FA4061F66FB13009550B9 /* RegisterViewController.swift */; };
		2B62C2D01F74018B00CCD8B5 /* MainViewController.swift in Sources */ = {isa = PBXBuildFile; fileRef = 2B62C2CF1F74018B00CCD8B5 /* MainViewController.swift */; };
		2B787D711F7AA194009B28A2 /* CategoriesViewController.swift in Sources */ = {isa = PBXBuildFile; fileRef = 2B787D701F7AA194009B28A2 /* CategoriesViewController.swift */; };
		2B787D731F7AA280009B28A2 /* DetailsReportsViewController.swift in Sources */ = {isa = PBXBuildFile; fileRef = 2B787D721F7AA280009B28A2 /* DetailsReportsViewController.swift */; };
		2B787D751F7AAD8C009B28A2 /* DetailsAnnouncementsViewController.swift in Sources */ = {isa = PBXBuildFile; fileRef = 2B787D741F7AAD8C009B28A2 /* DetailsAnnouncementsViewController.swift */; };
		2B787D771F7AAE95009B28A2 /* NewReportViewController.swift in Sources */ = {isa = PBXBuildFile; fileRef = 2B787D761F7AAE95009B28A2 /* NewReportViewController.swift */; };
		2B787D7A1F7AB192009B28A2 /* CollectionViewCell.swift in Sources */ = {isa = PBXBuildFile; fileRef = 2B787D781F7AB192009B28A2 /* CollectionViewCell.swift */; };
		2B787D7B1F7AB192009B28A2 /* CollectionViewCell.xib in Resources */ = {isa = PBXBuildFile; fileRef = 2B787D791F7AB192009B28A2 /* CollectionViewCell.xib */; };
		2BC43C711F70269900A84A7F /* SchoolListViewController.swift in Sources */ = {isa = PBXBuildFile; fileRef = 2BC43C701F70269900A84A7F /* SchoolListViewController.swift */; };
		2BC43C741F70271400A84A7F /* SchoolsTableViewCell.swift in Sources */ = {isa = PBXBuildFile; fileRef = 2BC43C721F70271400A84A7F /* SchoolsTableViewCell.swift */; };
		2BC43C751F70271400A84A7F /* SchoolsTableViewCell.xib in Resources */ = {isa = PBXBuildFile; fileRef = 2BC43C731F70271400A84A7F /* SchoolsTableViewCell.xib */; };
		2BC43C781F7041B000A84A7F /* DAO.swift in Sources */ = {isa = PBXBuildFile; fileRef = 2BC43C771F7041B000A84A7F /* DAO.swift */; };
		2BC43C7A1F7041E200A84A7F /* Escola.swift in Sources */ = {isa = PBXBuildFile; fileRef = 2BC43C791F7041E200A84A7F /* Escola.swift */; };
		4E37BC0A1FAF444500174EEE /* PopUpViewController.swift in Sources */ = {isa = PBXBuildFile; fileRef = 4E37BC091FAF444500174EEE /* PopUpViewController.swift */; };
		4EDD3BF01F547E180012117C /* AppDelegate.swift in Sources */ = {isa = PBXBuildFile; fileRef = 4EDD3BEF1F547E180012117C /* AppDelegate.swift */; };
		4EDD3BF21F547E180012117C /* LoginViewController.swift in Sources */ = {isa = PBXBuildFile; fileRef = 4EDD3BF11F547E180012117C /* LoginViewController.swift */; };
		4EDD3BF51F547E180012117C /* Main.storyboard in Resources */ = {isa = PBXBuildFile; fileRef = 4EDD3BF31F547E180012117C /* Main.storyboard */; };
		4EDD3BF71F547E180012117C /* Assets.xcassets in Resources */ = {isa = PBXBuildFile; fileRef = 4EDD3BF61F547E180012117C /* Assets.xcassets */; };
		4EDD3BFA1F547E180012117C /* LaunchScreen.storyboard in Resources */ = {isa = PBXBuildFile; fileRef = 4EDD3BF81F547E180012117C /* LaunchScreen.storyboard */; };
		4EE15EE91F978A0C00B9A2CE /* NSCodingManager.swift in Sources */ = {isa = PBXBuildFile; fileRef = 4EE15EE81F978A0C00B9A2CE /* NSCodingManager.swift */; };
		4EEE4C781F8D015E002EAAB0 /* NewReportCollectionViewCell.swift in Sources */ = {isa = PBXBuildFile; fileRef = 4EEE4C761F8D015E002EAAB0 /* NewReportCollectionViewCell.swift */; };
		4EEE4C791F8D015E002EAAB0 /* NewReportCollectionViewCell.xib in Resources */ = {isa = PBXBuildFile; fileRef = 4EEE4C771F8D015E002EAAB0 /* NewReportCollectionViewCell.xib */; };
		4EF9A6131FB893E400442990 /* ScrollablePhotoViewController.swift in Sources */ = {isa = PBXBuildFile; fileRef = 4EF9A6121FB893E400442990 /* ScrollablePhotoViewController.swift */; };
		4EFDCBB01FBDEC6B00B4CE28 /* Errors.swift in Sources */ = {isa = PBXBuildFile; fileRef = 4EFDCBAF1FBDEC6B00B4CE28 /* Errors.swift */; };
		4EFDCBBE1FC47A2A00B4CE28 /* Localizable.strings in Resources */ = {isa = PBXBuildFile; fileRef = 4EFDCBC01FC47A2A00B4CE28 /* Localizable.strings */; };
		54A08B10364E3F07A3AE7D13 /* Pods_Challenge_Final.framework in Frameworks */ = {isa = PBXBuildFile; fileRef = AE0453924069ED25118C3CDB /* Pods_Challenge_Final.framework */; };
		E5956CDA1F7029A800935B58 /* Aluno.swift in Sources */ = {isa = PBXBuildFile; fileRef = E5956CD91F7029A800935B58 /* Aluno.swift */; };
		E5956CDD1F702CF900935B58 /* Denuncia.swift in Sources */ = {isa = PBXBuildFile; fileRef = E5956CDC1F702CF900935B58 /* Denuncia.swift */; };
		E5956CE11F70308000935B58 /* Categoria.swift in Sources */ = {isa = PBXBuildFile; fileRef = E5956CE01F70308000935B58 /* Categoria.swift */; };
		E5956CE31F7031F000935B58 /* Aviso.swift in Sources */ = {isa = PBXBuildFile; fileRef = E5956CE21F7031F000935B58 /* Aviso.swift */; };
		E5956CE51F70322900935B58 /* Serie.swift in Sources */ = {isa = PBXBuildFile; fileRef = E5956CE41F70322900935B58 /* Serie.swift */; };
		E5956CE71F70382500935B58 /* Methods.swift in Sources */ = {isa = PBXBuildFile; fileRef = E5956CE61F70382500935B58 /* Methods.swift */; };
		E5956CE91F703BF500935B58 /* Status.swift in Sources */ = {isa = PBXBuildFile; fileRef = E5956CE81F703BF500935B58 /* Status.swift */; };
		E5970D4B1F79BB7C009973E7 /* Base64Enconder.swift in Sources */ = {isa = PBXBuildFile; fileRef = E5970D4A1F79BB7C009973E7 /* Base64Enconder.swift */; };
		EB8F6EE41F631FFD005E1770 /* GradientView.swift in Sources */ = {isa = PBXBuildFile; fileRef = EB8F6EE31F631FFD005E1770 /* GradientView.swift */; };
		EB8F6EE61F632068005E1770 /* CustomButton.swift in Sources */ = {isa = PBXBuildFile; fileRef = EB8F6EE51F632068005E1770 /* CustomButton.swift */; };
		EBDCDD7D1F768A4B00D8F41E /* AnnouncementsTableViewCell.swift in Sources */ = {isa = PBXBuildFile; fileRef = EBDCDD7B1F768A4B00D8F41E /* AnnouncementsTableViewCell.swift */; };
		EBDCDD7E1F768A4B00D8F41E /* AnnouncementsTableViewCell.xib in Resources */ = {isa = PBXBuildFile; fileRef = EBDCDD7C1F768A4B00D8F41E /* AnnouncementsTableViewCell.xib */; };
		EBDCDD811F768FB800D8F41E /* ReportsTableViewCell.swift in Sources */ = {isa = PBXBuildFile; fileRef = EBDCDD7F1F768FB800D8F41E /* ReportsTableViewCell.swift */; };
		EBDCDD821F768FB800D8F41E /* ReportsTableViewCell.xib in Resources */ = {isa = PBXBuildFile; fileRef = EBDCDD801F768FB800D8F41E /* ReportsTableViewCell.xib */; };
/* End PBXBuildFile section */

/* Begin PBXFileReference section */
		13B4645275CA3D816B5F4E83 /* Pods-Challenge-Final.release.xcconfig */ = {isa = PBXFileReference; includeInIndex = 1; lastKnownFileType = text.xcconfig; name = "Pods-Challenge-Final.release.xcconfig"; path = "Pods/Target Support Files/Pods-Challenge-Final/Pods-Challenge-Final.release.xcconfig"; sourceTree = "<group>"; };
		2B263F601F740BCE0005209A /* ReportsViewController.swift */ = {isa = PBXFileReference; lastKnownFileType = sourcecode.swift; path = ReportsViewController.swift; sourceTree = "<group>"; };
		2B263F621F740C660005209A /* AnnouncementsViewController.swift */ = {isa = PBXFileReference; lastKnownFileType = sourcecode.swift; path = AnnouncementsViewController.swift; sourceTree = "<group>"; };
		2B4BB5791F66FFDE005A0ED3 /* Helper.swift */ = {isa = PBXFileReference; fileEncoding = 4; lastKnownFileType = sourcecode.swift; path = Helper.swift; sourceTree = "<group>"; };
		2B4FA4061F66FB13009550B9 /* RegisterViewController.swift */ = {isa = PBXFileReference; fileEncoding = 4; lastKnownFileType = sourcecode.swift; path = RegisterViewController.swift; sourceTree = "<group>"; };
		2B62C2CF1F74018B00CCD8B5 /* MainViewController.swift */ = {isa = PBXFileReference; lastKnownFileType = sourcecode.swift; path = MainViewController.swift; sourceTree = "<group>"; };
		2B787D701F7AA194009B28A2 /* CategoriesViewController.swift */ = {isa = PBXFileReference; lastKnownFileType = sourcecode.swift; path = CategoriesViewController.swift; sourceTree = "<group>"; };
		2B787D721F7AA280009B28A2 /* DetailsReportsViewController.swift */ = {isa = PBXFileReference; lastKnownFileType = sourcecode.swift; path = DetailsReportsViewController.swift; sourceTree = "<group>"; };
		2B787D741F7AAD8C009B28A2 /* DetailsAnnouncementsViewController.swift */ = {isa = PBXFileReference; lastKnownFileType = sourcecode.swift; path = DetailsAnnouncementsViewController.swift; sourceTree = "<group>"; };
		2B787D761F7AAE95009B28A2 /* NewReportViewController.swift */ = {isa = PBXFileReference; lastKnownFileType = sourcecode.swift; path = NewReportViewController.swift; sourceTree = "<group>"; };
		2B787D781F7AB192009B28A2 /* CollectionViewCell.swift */ = {isa = PBXFileReference; lastKnownFileType = sourcecode.swift; path = CollectionViewCell.swift; sourceTree = "<group>"; };
		2B787D791F7AB192009B28A2 /* CollectionViewCell.xib */ = {isa = PBXFileReference; lastKnownFileType = file.xib; path = CollectionViewCell.xib; sourceTree = "<group>"; };
		2BC43C701F70269900A84A7F /* SchoolListViewController.swift */ = {isa = PBXFileReference; fileEncoding = 4; lastKnownFileType = sourcecode.swift; path = SchoolListViewController.swift; sourceTree = "<group>"; };
		2BC43C721F70271400A84A7F /* SchoolsTableViewCell.swift */ = {isa = PBXFileReference; fileEncoding = 4; lastKnownFileType = sourcecode.swift; path = SchoolsTableViewCell.swift; sourceTree = "<group>"; };
		2BC43C731F70271400A84A7F /* SchoolsTableViewCell.xib */ = {isa = PBXFileReference; fileEncoding = 4; lastKnownFileType = file.xib; path = SchoolsTableViewCell.xib; sourceTree = "<group>"; };
		2BC43C771F7041B000A84A7F /* DAO.swift */ = {isa = PBXFileReference; fileEncoding = 4; lastKnownFileType = sourcecode.swift; path = DAO.swift; sourceTree = "<group>"; };
		2BC43C791F7041E200A84A7F /* Escola.swift */ = {isa = PBXFileReference; fileEncoding = 4; lastKnownFileType = sourcecode.swift; path = Escola.swift; sourceTree = "<group>"; };
		4E37BC091FAF444500174EEE /* PopUpViewController.swift */ = {isa = PBXFileReference; lastKnownFileType = sourcecode.swift; path = PopUpViewController.swift; sourceTree = "<group>"; };
		4EDD3BEC1F547E180012117C /* Challenge-Final.app */ = {isa = PBXFileReference; explicitFileType = wrapper.application; includeInIndex = 0; path = "Challenge-Final.app"; sourceTree = BUILT_PRODUCTS_DIR; };
		4EDD3BEF1F547E180012117C /* AppDelegate.swift */ = {isa = PBXFileReference; lastKnownFileType = sourcecode.swift; path = AppDelegate.swift; sourceTree = "<group>"; };
		4EDD3BF11F547E180012117C /* LoginViewController.swift */ = {isa = PBXFileReference; lastKnownFileType = sourcecode.swift; path = LoginViewController.swift; sourceTree = "<group>"; };
		4EDD3BF41F547E180012117C /* Base */ = {isa = PBXFileReference; lastKnownFileType = file.storyboard; name = Base; path = Base.lproj/Main.storyboard; sourceTree = "<group>"; };
		4EDD3BF61F547E180012117C /* Assets.xcassets */ = {isa = PBXFileReference; lastKnownFileType = folder.assetcatalog; path = Assets.xcassets; sourceTree = "<group>"; };
		4EDD3BF91F547E180012117C /* Base */ = {isa = PBXFileReference; lastKnownFileType = file.storyboard; name = Base; path = Base.lproj/LaunchScreen.storyboard; sourceTree = "<group>"; };
		4EDD3BFB1F547E180012117C /* Info.plist */ = {isa = PBXFileReference; lastKnownFileType = text.plist.xml; path = Info.plist; sourceTree = "<group>"; };
		4EE15EE81F978A0C00B9A2CE /* NSCodingManager.swift */ = {isa = PBXFileReference; lastKnownFileType = sourcecode.swift; path = NSCodingManager.swift; sourceTree = "<group>"; };
		4EEE4C761F8D015E002EAAB0 /* NewReportCollectionViewCell.swift */ = {isa = PBXFileReference; lastKnownFileType = sourcecode.swift; path = NewReportCollectionViewCell.swift; sourceTree = "<group>"; };
		4EEE4C771F8D015E002EAAB0 /* NewReportCollectionViewCell.xib */ = {isa = PBXFileReference; lastKnownFileType = file.xib; path = NewReportCollectionViewCell.xib; sourceTree = "<group>"; };
		4EF9A6121FB893E400442990 /* ScrollablePhotoViewController.swift */ = {isa = PBXFileReference; lastKnownFileType = sourcecode.swift; path = ScrollablePhotoViewController.swift; sourceTree = "<group>"; };
		4EFDCBAF1FBDEC6B00B4CE28 /* Errors.swift */ = {isa = PBXFileReference; lastKnownFileType = sourcecode.swift; path = Errors.swift; sourceTree = "<group>"; };
		4EFDCBB61FBF1EA900B4CE28 /* en */ = {isa = PBXFileReference; lastKnownFileType = text.plist.strings; name = en; path = en.lproj/Main.strings; sourceTree = "<group>"; };
		4EFDCBBA1FC45B0500B4CE28 /* pt-BR */ = {isa = PBXFileReference; lastKnownFileType = text.plist.strings; name = "pt-BR"; path = "pt-BR.lproj/Main.strings"; sourceTree = "<group>"; };
		4EFDCBBB1FC45B0500B4CE28 /* pt-BR */ = {isa = PBXFileReference; lastKnownFileType = text.plist.strings; name = "pt-BR"; path = "pt-BR.lproj/LaunchScreen.strings"; sourceTree = "<group>"; };
		4EFDCBBF1FC47A2A00B4CE28 /* pt-BR */ = {isa = PBXFileReference; lastKnownFileType = text.plist.strings; name = "pt-BR"; path = "pt-BR.lproj/Localizable.strings"; sourceTree = "<group>"; };
		4EFDCBC11FC47A3100B4CE28 /* en */ = {isa = PBXFileReference; lastKnownFileType = text.plist.strings; name = en; path = en.lproj/Localizable.strings; sourceTree = "<group>"; };
		AE0453924069ED25118C3CDB /* Pods_Challenge_Final.framework */ = {isa = PBXFileReference; explicitFileType = wrapper.framework; includeInIndex = 0; path = Pods_Challenge_Final.framework; sourceTree = BUILT_PRODUCTS_DIR; };
		E5956CD91F7029A800935B58 /* Aluno.swift */ = {isa = PBXFileReference; fileEncoding = 4; lastKnownFileType = sourcecode.swift; path = Aluno.swift; sourceTree = "<group>"; };
		E5956CDC1F702CF900935B58 /* Denuncia.swift */ = {isa = PBXFileReference; fileEncoding = 4; lastKnownFileType = sourcecode.swift; path = Denuncia.swift; sourceTree = "<group>"; };
		E5956CE01F70308000935B58 /* Categoria.swift */ = {isa = PBXFileReference; fileEncoding = 4; lastKnownFileType = sourcecode.swift; path = Categoria.swift; sourceTree = "<group>"; };
		E5956CE21F7031F000935B58 /* Aviso.swift */ = {isa = PBXFileReference; fileEncoding = 4; lastKnownFileType = sourcecode.swift; path = Aviso.swift; sourceTree = "<group>"; };
		E5956CE41F70322900935B58 /* Serie.swift */ = {isa = PBXFileReference; fileEncoding = 4; lastKnownFileType = sourcecode.swift; path = Serie.swift; sourceTree = "<group>"; };
		E5956CE61F70382500935B58 /* Methods.swift */ = {isa = PBXFileReference; fileEncoding = 4; lastKnownFileType = sourcecode.swift; path = Methods.swift; sourceTree = "<group>"; };
		E5956CE81F703BF500935B58 /* Status.swift */ = {isa = PBXFileReference; fileEncoding = 4; lastKnownFileType = sourcecode.swift; path = Status.swift; sourceTree = "<group>"; };
		E5970D4A1F79BB7C009973E7 /* Base64Enconder.swift */ = {isa = PBXFileReference; lastKnownFileType = sourcecode.swift; path = Base64Enconder.swift; sourceTree = "<group>"; };
		E5DBD2ED16117F8E7F679500 /* Pods-Challenge-Final.debug.xcconfig */ = {isa = PBXFileReference; includeInIndex = 1; lastKnownFileType = text.xcconfig; name = "Pods-Challenge-Final.debug.xcconfig"; path = "Pods/Target Support Files/Pods-Challenge-Final/Pods-Challenge-Final.debug.xcconfig"; sourceTree = "<group>"; };
		EB8F6EE31F631FFD005E1770 /* GradientView.swift */ = {isa = PBXFileReference; fileEncoding = 4; lastKnownFileType = sourcecode.swift; path = GradientView.swift; sourceTree = "<group>"; };
		EB8F6EE51F632068005E1770 /* CustomButton.swift */ = {isa = PBXFileReference; fileEncoding = 4; lastKnownFileType = sourcecode.swift; path = CustomButton.swift; sourceTree = "<group>"; };
		EBDCDD7B1F768A4B00D8F41E /* AnnouncementsTableViewCell.swift */ = {isa = PBXFileReference; lastKnownFileType = sourcecode.swift; path = AnnouncementsTableViewCell.swift; sourceTree = "<group>"; };
		EBDCDD7C1F768A4B00D8F41E /* AnnouncementsTableViewCell.xib */ = {isa = PBXFileReference; lastKnownFileType = file.xib; path = AnnouncementsTableViewCell.xib; sourceTree = "<group>"; };
		EBDCDD7F1F768FB800D8F41E /* ReportsTableViewCell.swift */ = {isa = PBXFileReference; lastKnownFileType = sourcecode.swift; path = ReportsTableViewCell.swift; sourceTree = "<group>"; };
		EBDCDD801F768FB800D8F41E /* ReportsTableViewCell.xib */ = {isa = PBXFileReference; lastKnownFileType = file.xib; path = ReportsTableViewCell.xib; sourceTree = "<group>"; };
/* End PBXFileReference section */

/* Begin PBXFrameworksBuildPhase section */
		4EDD3BE91F547E180012117C /* Frameworks */ = {
			isa = PBXFrameworksBuildPhase;
			buildActionMask = 2147483647;
			files = (
				54A08B10364E3F07A3AE7D13 /* Pods_Challenge_Final.framework in Frameworks */,
			);
			runOnlyForDeploymentPostprocessing = 0;
		};
/* End PBXFrameworksBuildPhase section */

/* Begin PBXGroup section */
		2B4FA4021F66F9DA009550B9 /* Model */ = {
			isa = PBXGroup;
			children = (
				E5956CD91F7029A800935B58 /* Aluno.swift */,
				2BC43C791F7041E200A84A7F /* Escola.swift */,
				E5956CDC1F702CF900935B58 /* Denuncia.swift */,
				E5956CE01F70308000935B58 /* Categoria.swift */,
				E5956CE21F7031F000935B58 /* Aviso.swift */,
				E5956CE41F70322900935B58 /* Serie.swift */,
				E5956CE61F70382500935B58 /* Methods.swift */,
				E5956CE81F703BF500935B58 /* Status.swift */,
			);
			name = Model;
			sourceTree = "<group>";
		};
		2B4FA4031F66F9E0009550B9 /* View */ = {
			isa = PBXGroup;
			children = (
				4EEE4C751F8CFFF3002EAAB0 /* Cells */,
				4EDD3BF31F547E180012117C /* Main.storyboard */,
				4EDD3BF61F547E180012117C /* Assets.xcassets */,
				4EDD3BF81F547E180012117C /* LaunchScreen.storyboard */,
				EB8F6EE31F631FFD005E1770 /* GradientView.swift */,
				EB8F6EE51F632068005E1770 /* CustomButton.swift */,
			);
			name = View;
			sourceTree = "<group>";
		};
		2B4FA4041F66F9E4009550B9 /* Controller */ = {
			isa = PBXGroup;
			children = (
				4EEE4C741F8CFF07002EAAB0 /* Cells */,
				2B787D741F7AAD8C009B28A2 /* DetailsAnnouncementsViewController.swift */,
				4EDD3BF11F547E180012117C /* LoginViewController.swift */,
				2B4FA4061F66FB13009550B9 /* RegisterViewController.swift */,
				2BC43C701F70269900A84A7F /* SchoolListViewController.swift */,
				2B62C2CF1F74018B00CCD8B5 /* MainViewController.swift */,
				2B263F601F740BCE0005209A /* ReportsViewController.swift */,
				2B263F621F740C660005209A /* AnnouncementsViewController.swift */,
				2B787D701F7AA194009B28A2 /* CategoriesViewController.swift */,
				2B787D721F7AA280009B28A2 /* DetailsReportsViewController.swift */,
				2B787D761F7AAE95009B28A2 /* NewReportViewController.swift */,
				4E37BC091FAF444500174EEE /* PopUpViewController.swift */,
				4EF9A6121FB893E400442990 /* ScrollablePhotoViewController.swift */,
			);
			name = Controller;
			sourceTree = "<group>";
		};
		2B4FA4051F66FA26009550B9 /* Other */ = {
			isa = PBXGroup;
			children = (
				4EDD3BFB1F547E180012117C /* Info.plist */,
				2B4BB5791F66FFDE005A0ED3 /* Helper.swift */,
				4EDD3BEF1F547E180012117C /* AppDelegate.swift */,
				2BC43C771F7041B000A84A7F /* DAO.swift */,
				E5970D4A1F79BB7C009973E7 /* Base64Enconder.swift */,
				4EE15EE81F978A0C00B9A2CE /* NSCodingManager.swift */,
				4EFDCBAF1FBDEC6B00B4CE28 /* Errors.swift */,
			);
			name = Other;
			sourceTree = "<group>";
		};
		4413A8CD6E424AE702E3CBA9 /* Frameworks */ = {
			isa = PBXGroup;
			children = (
				AE0453924069ED25118C3CDB /* Pods_Challenge_Final.framework */,
			);
			name = Frameworks;
			sourceTree = "<group>";
		};
		4EDD3BE31F547E180012117C = {
			isa = PBXGroup;
			children = (
				4EDD3BEE1F547E180012117C /* Challenge-Final */,
				4EDD3BED1F547E180012117C /* Products */,
				F18667C8D71709714DD08437 /* Pods */,
				4413A8CD6E424AE702E3CBA9 /* Frameworks */,
			);
			sourceTree = "<group>";
		};
		4EDD3BED1F547E180012117C /* Products */ = {
			isa = PBXGroup;
			children = (
				4EDD3BEC1F547E180012117C /* Challenge-Final.app */,
			);
			name = Products;
			sourceTree = "<group>";
		};
		4EDD3BEE1F547E180012117C /* Challenge-Final */ = {
			isa = PBXGroup;
			children = (
				2B4FA4021F66F9DA009550B9 /* Model */,
				2B4FA4031F66F9E0009550B9 /* View */,
				2B4FA4041F66F9E4009550B9 /* Controller */,
				2B4FA4051F66FA26009550B9 /* Other */,
				4EFDCBC01FC47A2A00B4CE28 /* Localizable.strings */,
			);
			path = "Challenge-Final";
			sourceTree = "<group>";
		};
		4EEE4C741F8CFF07002EAAB0 /* Cells */ = {
			isa = PBXGroup;
			children = (
				2B787D781F7AB192009B28A2 /* CollectionViewCell.swift */,
				EBDCDD7F1F768FB800D8F41E /* ReportsTableViewCell.swift */,
				2BC43C721F70271400A84A7F /* SchoolsTableViewCell.swift */,
				EBDCDD7B1F768A4B00D8F41E /* AnnouncementsTableViewCell.swift */,
				4EEE4C761F8D015E002EAAB0 /* NewReportCollectionViewCell.swift */,
			);
			name = Cells;
			sourceTree = "<group>";
		};
		4EEE4C751F8CFFF3002EAAB0 /* Cells */ = {
			isa = PBXGroup;
			children = (
				4EEE4C771F8D015E002EAAB0 /* NewReportCollectionViewCell.xib */,
				2B787D791F7AB192009B28A2 /* CollectionViewCell.xib */,
				2BC43C731F70271400A84A7F /* SchoolsTableViewCell.xib */,
				EBDCDD801F768FB800D8F41E /* ReportsTableViewCell.xib */,
				EBDCDD7C1F768A4B00D8F41E /* AnnouncementsTableViewCell.xib */,
			);
			name = Cells;
			sourceTree = "<group>";
		};
		F18667C8D71709714DD08437 /* Pods */ = {
			isa = PBXGroup;
			children = (
				E5DBD2ED16117F8E7F679500 /* Pods-Challenge-Final.debug.xcconfig */,
				13B4645275CA3D816B5F4E83 /* Pods-Challenge-Final.release.xcconfig */,
			);
			name = Pods;
			sourceTree = "<group>";
		};
/* End PBXGroup section */

/* Begin PBXNativeTarget section */
		4EDD3BEB1F547E180012117C /* Challenge-Final */ = {
			isa = PBXNativeTarget;
			buildConfigurationList = 4EDD3BFE1F547E180012117C /* Build configuration list for PBXNativeTarget "Challenge-Final" */;
			buildPhases = (
				E722D9F9DDD4B23ABD508B16 /* [CP] Check Pods Manifest.lock */,
				4EDD3BE81F547E180012117C /* Sources */,
				4EDD3BE91F547E180012117C /* Frameworks */,
				4EDD3BEA1F547E180012117C /* Resources */,
				CF999C5F9AEE66E9E488893A /* [CP] Embed Pods Frameworks */,
				8232A58D1544011676E31861 /* [CP] Copy Pods Resources */,
			);
			buildRules = (
			);
			dependencies = (
			);
			name = "Challenge-Final";
			productName = "Challenge-Final";
			productReference = 4EDD3BEC1F547E180012117C /* Challenge-Final.app */;
			productType = "com.apple.product-type.application";
		};
/* End PBXNativeTarget section */

/* Begin PBXProject section */
		4EDD3BE41F547E180012117C /* Project object */ = {
			isa = PBXProject;
			attributes = {
				LastSwiftUpdateCheck = 0830;
				LastUpgradeCheck = 0900;
				ORGANIZATIONNAME = "Gabriel Oliveira";
				TargetAttributes = {
					4EDD3BEB1F547E180012117C = {
						CreatedOnToolsVersion = 8.3.3;
						DevelopmentTeam = BUK6UDW987;
						LastSwiftMigration = 0900;
						ProvisioningStyle = Automatic;
					};
				};
			};
			buildConfigurationList = 4EDD3BE71F547E180012117C /* Build configuration list for PBXProject "Challenge-Final" */;
			compatibilityVersion = "Xcode 3.2";
			developmentRegion = English;
			hasScannedForEncodings = 0;
			knownRegions = (
				en,
				Base,
			);
			mainGroup = 4EDD3BE31F547E180012117C;
			productRefGroup = 4EDD3BED1F547E180012117C /* Products */;
			projectDirPath = "";
			projectRoot = "";
			targets = (
				4EDD3BEB1F547E180012117C /* Challenge-Final */,
			);
		};
/* End PBXProject section */

/* Begin PBXResourcesBuildPhase section */
		4EDD3BEA1F547E180012117C /* Resources */ = {
			isa = PBXResourcesBuildPhase;
			buildActionMask = 2147483647;
			files = (
				EBDCDD7E1F768A4B00D8F41E /* AnnouncementsTableViewCell.xib in Resources */,
				2B787D7B1F7AB192009B28A2 /* CollectionViewCell.xib in Resources */,
				EBDCDD821F768FB800D8F41E /* ReportsTableViewCell.xib in Resources */,
				4EDD3BFA1F547E180012117C /* LaunchScreen.storyboard in Resources */,
				4EFDCBBE1FC47A2A00B4CE28 /* Localizable.strings in Resources */,
				4EDD3BF71F547E180012117C /* Assets.xcassets in Resources */,
				4EEE4C791F8D015E002EAAB0 /* NewReportCollectionViewCell.xib in Resources */,
				4EDD3BF51F547E180012117C /* Main.storyboard in Resources */,
				2BC43C751F70271400A84A7F /* SchoolsTableViewCell.xib in Resources */,
			);
			runOnlyForDeploymentPostprocessing = 0;
		};
/* End PBXResourcesBuildPhase section */

/* Begin PBXShellScriptBuildPhase section */
		8232A58D1544011676E31861 /* [CP] Copy Pods Resources */ = {
			isa = PBXShellScriptBuildPhase;
			buildActionMask = 2147483647;
			files = (
			);
			inputPaths = (
			);
			name = "[CP] Copy Pods Resources";
			outputPaths = (
			);
			runOnlyForDeploymentPostprocessing = 0;
			shellPath = /bin/sh;
			shellScript = "\"${SRCROOT}/Pods/Target Support Files/Pods-Challenge-Final/Pods-Challenge-Final-resources.sh\"\n";
			showEnvVarsInLog = 0;
		};
		CF999C5F9AEE66E9E488893A /* [CP] Embed Pods Frameworks */ = {
			isa = PBXShellScriptBuildPhase;
			buildActionMask = 2147483647;
			files = (
			);
			inputPaths = (
			);
			name = "[CP] Embed Pods Frameworks";
			outputPaths = (
			);
			runOnlyForDeploymentPostprocessing = 0;
			shellPath = /bin/sh;
			shellScript = "\"${SRCROOT}/Pods/Target Support Files/Pods-Challenge-Final/Pods-Challenge-Final-frameworks.sh\"\n";
			showEnvVarsInLog = 0;
		};
		E722D9F9DDD4B23ABD508B16 /* [CP] Check Pods Manifest.lock */ = {
			isa = PBXShellScriptBuildPhase;
			buildActionMask = 2147483647;
			files = (
			);
			inputPaths = (
			);
			name = "[CP] Check Pods Manifest.lock";
			outputPaths = (
			);
			runOnlyForDeploymentPostprocessing = 0;
			shellPath = /bin/sh;
			shellScript = "diff \"${PODS_PODFILE_DIR_PATH}/Podfile.lock\" \"${PODS_ROOT}/Manifest.lock\" > /dev/null\nif [ $? != 0 ] ; then\n    # print error to STDERR\n    echo \"error: The sandbox is not in sync with the Podfile.lock. Run 'pod install' or update your CocoaPods installation.\" >&2\n    exit 1\nfi\n";
			showEnvVarsInLog = 0;
		};
/* End PBXShellScriptBuildPhase section */

/* Begin PBXSourcesBuildPhase section */
		4EDD3BE81F547E180012117C /* Sources */ = {
			isa = PBXSourcesBuildPhase;
			buildActionMask = 2147483647;
			files = (
				2BC43C711F70269900A84A7F /* SchoolListViewController.swift in Sources */,
				EB8F6EE61F632068005E1770 /* CustomButton.swift in Sources */,
				2B4FA4071F66FB13009550B9 /* RegisterViewController.swift in Sources */,
				2B787D771F7AAE95009B28A2 /* NewReportViewController.swift in Sources */,
				2BC43C741F70271400A84A7F /* SchoolsTableViewCell.swift in Sources */,
				2B787D751F7AAD8C009B28A2 /* DetailsAnnouncementsViewController.swift in Sources */,
				4EE15EE91F978A0C00B9A2CE /* NSCodingManager.swift in Sources */,
				4EFDCBB01FBDEC6B00B4CE28 /* Errors.swift in Sources */,
				EBDCDD811F768FB800D8F41E /* ReportsTableViewCell.swift in Sources */,
				E5970D4B1F79BB7C009973E7 /* Base64Enconder.swift in Sources */,
				2BC43C7A1F7041E200A84A7F /* Escola.swift in Sources */,
				2B62C2D01F74018B00CCD8B5 /* MainViewController.swift in Sources */,
				2B787D7A1F7AB192009B28A2 /* CollectionViewCell.swift in Sources */,
				4EDD3BF21F547E180012117C /* LoginViewController.swift in Sources */,
				2B263F631F740C660005209A /* AnnouncementsViewController.swift in Sources */,
				E5956CE51F70322900935B58 /* Serie.swift in Sources */,
				2BC43C781F7041B000A84A7F /* DAO.swift in Sources */,
				4EEE4C781F8D015E002EAAB0 /* NewReportCollectionViewCell.swift in Sources */,
				4EDD3BF01F547E180012117C /* AppDelegate.swift in Sources */,
				E5956CE31F7031F000935B58 /* Aviso.swift in Sources */,
				4E37BC0A1FAF444500174EEE /* PopUpViewController.swift in Sources */,
				2B787D711F7AA194009B28A2 /* CategoriesViewController.swift in Sources */,
				E5956CE11F70308000935B58 /* Categoria.swift in Sources */,
				2B787D731F7AA280009B28A2 /* DetailsReportsViewController.swift in Sources */,
				2B263F611F740BCE0005209A /* ReportsViewController.swift in Sources */,
				E5956CDA1F7029A800935B58 /* Aluno.swift in Sources */,
				E5956CE71F70382500935B58 /* Methods.swift in Sources */,
				4EF9A6131FB893E400442990 /* ScrollablePhotoViewController.swift in Sources */,
				E5956CE91F703BF500935B58 /* Status.swift in Sources */,
				EB8F6EE41F631FFD005E1770 /* GradientView.swift in Sources */,
				EBDCDD7D1F768A4B00D8F41E /* AnnouncementsTableViewCell.swift in Sources */,
				E5956CDD1F702CF900935B58 /* Denuncia.swift in Sources */,
				2B4BB57A1F66FFDE005A0ED3 /* Helper.swift in Sources */,
			);
			runOnlyForDeploymentPostprocessing = 0;
		};
/* End PBXSourcesBuildPhase section */

/* Begin PBXVariantGroup section */
		4EDD3BF31F547E180012117C /* Main.storyboard */ = {
			isa = PBXVariantGroup;
			children = (
				4EDD3BF41F547E180012117C /* Base */,
				4EFDCBB61FBF1EA900B4CE28 /* en */,
				4EFDCBBA1FC45B0500B4CE28 /* pt-BR */,
			);
			name = Main.storyboard;
			sourceTree = "<group>";
		};
		4EDD3BF81F547E180012117C /* LaunchScreen.storyboard */ = {
			isa = PBXVariantGroup;
			children = (
				4EDD3BF91F547E180012117C /* Base */,
				4EFDCBBB1FC45B0500B4CE28 /* pt-BR */,
			);
			name = LaunchScreen.storyboard;
			sourceTree = "<group>";
		};
		4EFDCBC01FC47A2A00B4CE28 /* Localizable.strings */ = {
			isa = PBXVariantGroup;
			children = (
				4EFDCBBF1FC47A2A00B4CE28 /* pt-BR */,
				4EFDCBC11FC47A3100B4CE28 /* en */,
			);
			name = Localizable.strings;
			sourceTree = "<group>";
		};
/* End PBXVariantGroup section */

/* Begin XCBuildConfiguration section */
		4EDD3BFC1F547E180012117C /* Debug */ = {
			isa = XCBuildConfiguration;
			buildSettings = {
				ALWAYS_SEARCH_USER_PATHS = NO;
				CLANG_ANALYZER_LOCALIZABILITY_NONLOCALIZED = YES;
				CLANG_ANALYZER_NONNULL = YES;
				CLANG_ANALYZER_NUMBER_OBJECT_CONVERSION = YES_AGGRESSIVE;
				CLANG_CXX_LANGUAGE_STANDARD = "gnu++0x";
				CLANG_CXX_LIBRARY = "libc++";
				CLANG_ENABLE_MODULES = YES;
				CLANG_ENABLE_OBJC_ARC = YES;
				CLANG_WARN_BLOCK_CAPTURE_AUTORELEASING = YES;
				CLANG_WARN_BOOL_CONVERSION = YES;
				CLANG_WARN_COMMA = YES;
				CLANG_WARN_CONSTANT_CONVERSION = YES;
				CLANG_WARN_DIRECT_OBJC_ISA_USAGE = YES_ERROR;
				CLANG_WARN_DOCUMENTATION_COMMENTS = YES;
				CLANG_WARN_EMPTY_BODY = YES;
				CLANG_WARN_ENUM_CONVERSION = YES;
				CLANG_WARN_INFINITE_RECURSION = YES;
				CLANG_WARN_INT_CONVERSION = YES;
				CLANG_WARN_NON_LITERAL_NULL_CONVERSION = YES;
				CLANG_WARN_OBJC_LITERAL_CONVERSION = YES;
				CLANG_WARN_OBJC_ROOT_CLASS = YES_ERROR;
				CLANG_WARN_RANGE_LOOP_ANALYSIS = YES;
				CLANG_WARN_STRICT_PROTOTYPES = YES;
				CLANG_WARN_SUSPICIOUS_MOVE = YES;
				CLANG_WARN_UNREACHABLE_CODE = YES;
				CLANG_WARN__DUPLICATE_METHOD_MATCH = YES;
				"CODE_SIGN_IDENTITY[sdk=iphoneos*]" = "iPhone Developer";
				COPY_PHASE_STRIP = NO;
				DEBUG_INFORMATION_FORMAT = dwarf;
				ENABLE_STRICT_OBJC_MSGSEND = YES;
				ENABLE_TESTABILITY = YES;
				GCC_C_LANGUAGE_STANDARD = gnu99;
				GCC_DYNAMIC_NO_PIC = NO;
				GCC_NO_COMMON_BLOCKS = YES;
				GCC_OPTIMIZATION_LEVEL = 0;
				GCC_PREPROCESSOR_DEFINITIONS = (
					"DEBUG=1",
					"$(inherited)",
				);
				GCC_WARN_64_TO_32_BIT_CONVERSION = YES;
				GCC_WARN_ABOUT_RETURN_TYPE = YES_ERROR;
				GCC_WARN_UNDECLARED_SELECTOR = YES;
				GCC_WARN_UNINITIALIZED_AUTOS = YES_AGGRESSIVE;
				GCC_WARN_UNUSED_FUNCTION = YES;
				GCC_WARN_UNUSED_VARIABLE = YES;
				IPHONEOS_DEPLOYMENT_TARGET = 10.3;
				MTL_ENABLE_DEBUG_INFO = YES;
				ONLY_ACTIVE_ARCH = YES;
				SDKROOT = iphoneos;
				SWIFT_ACTIVE_COMPILATION_CONDITIONS = DEBUG;
				SWIFT_OPTIMIZATION_LEVEL = "-Onone";
			};
			name = Debug;
		};
		4EDD3BFD1F547E180012117C /* Release */ = {
			isa = XCBuildConfiguration;
			buildSettings = {
				ALWAYS_SEARCH_USER_PATHS = NO;
				CLANG_ANALYZER_LOCALIZABILITY_NONLOCALIZED = YES;
				CLANG_ANALYZER_NONNULL = YES;
				CLANG_ANALYZER_NUMBER_OBJECT_CONVERSION = YES_AGGRESSIVE;
				CLANG_CXX_LANGUAGE_STANDARD = "gnu++0x";
				CLANG_CXX_LIBRARY = "libc++";
				CLANG_ENABLE_MODULES = YES;
				CLANG_ENABLE_OBJC_ARC = YES;
				CLANG_WARN_BLOCK_CAPTURE_AUTORELEASING = YES;
				CLANG_WARN_BOOL_CONVERSION = YES;
				CLANG_WARN_COMMA = YES;
				CLANG_WARN_CONSTANT_CONVERSION = YES;
				CLANG_WARN_DIRECT_OBJC_ISA_USAGE = YES_ERROR;
				CLANG_WARN_DOCUMENTATION_COMMENTS = YES;
				CLANG_WARN_EMPTY_BODY = YES;
				CLANG_WARN_ENUM_CONVERSION = YES;
				CLANG_WARN_INFINITE_RECURSION = YES;
				CLANG_WARN_INT_CONVERSION = YES;
				CLANG_WARN_NON_LITERAL_NULL_CONVERSION = YES;
				CLANG_WARN_OBJC_LITERAL_CONVERSION = YES;
				CLANG_WARN_OBJC_ROOT_CLASS = YES_ERROR;
				CLANG_WARN_RANGE_LOOP_ANALYSIS = YES;
				CLANG_WARN_STRICT_PROTOTYPES = YES;
				CLANG_WARN_SUSPICIOUS_MOVE = YES;
				CLANG_WARN_UNREACHABLE_CODE = YES;
				CLANG_WARN__DUPLICATE_METHOD_MATCH = YES;
				"CODE_SIGN_IDENTITY[sdk=iphoneos*]" = "iPhone Developer";
				COPY_PHASE_STRIP = NO;
				DEBUG_INFORMATION_FORMAT = "dwarf-with-dsym";
				ENABLE_NS_ASSERTIONS = NO;
				ENABLE_STRICT_OBJC_MSGSEND = YES;
				GCC_C_LANGUAGE_STANDARD = gnu99;
				GCC_NO_COMMON_BLOCKS = YES;
				GCC_WARN_64_TO_32_BIT_CONVERSION = YES;
				GCC_WARN_ABOUT_RETURN_TYPE = YES_ERROR;
				GCC_WARN_UNDECLARED_SELECTOR = YES;
				GCC_WARN_UNINITIALIZED_AUTOS = YES_AGGRESSIVE;
				GCC_WARN_UNUSED_FUNCTION = YES;
				GCC_WARN_UNUSED_VARIABLE = YES;
				IPHONEOS_DEPLOYMENT_TARGET = 10.3;
				MTL_ENABLE_DEBUG_INFO = NO;
				SDKROOT = iphoneos;
				SWIFT_OPTIMIZATION_LEVEL = "-Owholemodule";
				VALIDATE_PRODUCT = YES;
			};
			name = Release;
		};
		4EDD3BFF1F547E180012117C /* Debug */ = {
			isa = XCBuildConfiguration;
			baseConfigurationReference = E5DBD2ED16117F8E7F679500 /* Pods-Challenge-Final.debug.xcconfig */;
			buildSettings = {
				ASSETCATALOG_COMPILER_APPICON_NAME = AppIcon;
				DEVELOPMENT_TEAM = BUK6UDW987;
				INFOPLIST_FILE = "Challenge-Final/Info.plist";
				LD_RUNPATH_SEARCH_PATHS = "$(inherited) @executable_path/Frameworks";
				PRODUCT_BUNDLE_IDENTIFIER = "Gabriel.Challenge-Final";
				PRODUCT_NAME = "$(TARGET_NAME)";
				SWIFT_SWIFT3_OBJC_INFERENCE = On;
				SWIFT_VERSION = 4.0;
			};
			name = Debug;
		};
		4EDD3C001F547E180012117C /* Release */ = {
			isa = XCBuildConfiguration;
			baseConfigurationReference = 13B4645275CA3D816B5F4E83 /* Pods-Challenge-Final.release.xcconfig */;
			buildSettings = {
				ASSETCATALOG_COMPILER_APPICON_NAME = AppIcon;
				DEVELOPMENT_TEAM = BUK6UDW987;
				INFOPLIST_FILE = "Challenge-Final/Info.plist";
				LD_RUNPATH_SEARCH_PATHS = "$(inherited) @executable_path/Frameworks";
				PRODUCT_BUNDLE_IDENTIFIER = "Gabriel.Challenge-Final";
				PRODUCT_NAME = "$(TARGET_NAME)";
				SWIFT_SWIFT3_OBJC_INFERENCE = On;
				SWIFT_VERSION = 4.0;
			};
			name = Release;
		};
/* End XCBuildConfiguration section */

/* Begin XCConfigurationList section */
		4EDD3BE71F547E180012117C /* Build configuration list for PBXProject "Challenge-Final" */ = {
			isa = XCConfigurationList;
			buildConfigurations = (
				4EDD3BFC1F547E180012117C /* Debug */,
				4EDD3BFD1F547E180012117C /* Release */,
			);
			defaultConfigurationIsVisible = 0;
			defaultConfigurationName = Release;
		};
		4EDD3BFE1F547E180012117C /* Build configuration list for PBXNativeTarget "Challenge-Final" */ = {
			isa = XCConfigurationList;
			buildConfigurations = (
				4EDD3BFF1F547E180012117C /* Debug */,
				4EDD3C001F547E180012117C /* Release */,
			);
			defaultConfigurationIsVisible = 0;
			defaultConfigurationName = Release;
		};
/* End XCConfigurationList section */
	};
	rootObject = 4EDD3BE41F547E180012117C /* Project object */;
}
